// !$*UTF8*$!
{
	archiveVersion = 1;
	classes = {
	};
	objectVersion = 55;
	objects = {

/* Begin PBXBuildFile section */
		780E4F71284BCDB500DE408E /* ReportTableViewCell.swift in Sources */ = {isa = PBXBuildFile; fileRef = 780E4F70284BCDB500DE408E /* ReportTableViewCell.swift */; };
		780E4F74284BD7EE00DE408E /* ReportTableCellVM.swift in Sources */ = {isa = PBXBuildFile; fileRef = 780E4F73284BD7EE00DE408E /* ReportTableCellVM.swift */; };
		780E4F76284C4EA200DE408E /* ReportTableVM.swift in Sources */ = {isa = PBXBuildFile; fileRef = 780E4F75284C4EA200DE408E /* ReportTableVM.swift */; };
		78295C7D284859CE00906764 /* AppDelegate.swift in Sources */ = {isa = PBXBuildFile; fileRef = 78295C7C284859CE00906764 /* AppDelegate.swift */; };
		78295C7F284859CE00906764 /* SceneDelegate.swift in Sources */ = {isa = PBXBuildFile; fileRef = 78295C7E284859CE00906764 /* SceneDelegate.swift */; };
		78295C81284859CE00906764 /* MainViewController.swift in Sources */ = {isa = PBXBuildFile; fileRef = 78295C80284859CE00906764 /* MainViewController.swift */; };
		78295C84284859CE00906764 /* Main.storyboard in Resources */ = {isa = PBXBuildFile; fileRef = 78295C82284859CE00906764 /* Main.storyboard */; };
		78295C86284859CF00906764 /* Assets.xcassets in Resources */ = {isa = PBXBuildFile; fileRef = 78295C85284859CF00906764 /* Assets.xcassets */; };
		78295C89284859CF00906764 /* LaunchScreen.storyboard in Resources */ = {isa = PBXBuildFile; fileRef = 78295C87284859CF00906764 /* LaunchScreen.storyboard */; };
		78295C9228485DAB00906764 /* Alamofire in Frameworks */ = {isa = PBXBuildFile; productRef = 78295C9128485DAB00906764 /* Alamofire */; };
		78295C9528485E4900906764 /* UsdaService.swift in Sources */ = {isa = PBXBuildFile; fileRef = 78295C9428485E4900906764 /* UsdaService.swift */; };
		78295C9928485FC000906764 /* ReportModel.swift in Sources */ = {isa = PBXBuildFile; fileRef = 78295C9828485FC000906764 /* ReportModel.swift */; };
		78295C9C2848684F00906764 /* Extensions.swift in Sources */ = {isa = PBXBuildFile; fileRef = 78295C9B2848684F00906764 /* Extensions.swift */; };
		78295CA52849A4EF00906764 /* ReportTableView.swift in Sources */ = {isa = PBXBuildFile; fileRef = 78295CA42849A4EF00906764 /* ReportTableView.swift */; };
		783DECA4285A64A40062343E /* DateHelpers.swift in Sources */ = {isa = PBXBuildFile; fileRef = 783DECA3285A64A40062343E /* DateHelpers.swift */; };
		783DECA6285ACB630062343E /* ReportView.swift in Sources */ = {isa = PBXBuildFile; fileRef = 783DECA5285ACB630062343E /* ReportView.swift */; };
		783DECA8285AD9400062343E /* ReportViewVM.swift in Sources */ = {isa = PBXBuildFile; fileRef = 783DECA7285AD9400062343E /* ReportViewVM.swift */; };
		783DECAC285D55770062343E /* ReportSectionSummary.swift in Sources */ = {isa = PBXBuildFile; fileRef = 783DECAB285D55770062343E /* ReportSectionSummary.swift */; };
		783DECAE285D58870062343E /* ModelMap.swift in Sources */ = {isa = PBXBuildFile; fileRef = 783DECAD285D58870062343E /* ModelMap.swift */; };
		783DECB0285D75510062343E /* ReportSectionSummaryTableView.swift in Sources */ = {isa = PBXBuildFile; fileRef = 783DECAF285D75510062343E /* ReportSectionSummaryTableView.swift */; };
		783DECB2285D76260062343E /* ReportSectionSummaryViewVM.swift in Sources */ = {isa = PBXBuildFile; fileRef = 783DECB1285D76260062343E /* ReportSectionSummaryViewVM.swift */; };
		783DECB4285E48920062343E /* SummarySectionResultCell.swift in Sources */ = {isa = PBXBuildFile; fileRef = 783DECB3285E48920062343E /* SummarySectionResultCell.swift */; };
		783DECB7285E51A10062343E /* SummarySectionResultCellVM.swift in Sources */ = {isa = PBXBuildFile; fileRef = 783DECB6285E51A10062343E /* SummarySectionResultCellVM.swift */; };
		783DECB9285EB0D40062343E /* ReportSectionCurrentVolume.swift in Sources */ = {isa = PBXBuildFile; fileRef = 783DECB8285EB0D40062343E /* ReportSectionCurrentVolume.swift */; };
		783DECBC285EC00D0062343E /* CurrentVolumeSectionResultCellVM.swift in Sources */ = {isa = PBXBuildFile; fileRef = 783DECBB285EC00D0062343E /* CurrentVolumeSectionResultCellVM.swift */; };
		783DECBE285EC5C60062343E /* ReportSectionCurrentVolumeTableView.swift in Sources */ = {isa = PBXBuildFile; fileRef = 783DECBD285EC5C60062343E /* ReportSectionCurrentVolumeTableView.swift */; };
		783DECC0285EC6550062343E /* ReportSectionCurrentVolumeViewVM.swift in Sources */ = {isa = PBXBuildFile; fileRef = 783DECBF285EC6550062343E /* ReportSectionCurrentVolumeViewVM.swift */; };
		783DECC2285EC85A0062343E /* CurrentVolumeSectionResultCell.swift in Sources */ = {isa = PBXBuildFile; fileRef = 783DECC1285EC85A0062343E /* CurrentVolumeSectionResultCell.swift */; };
/* End PBXBuildFile section */

/* Begin PBXFileReference section */
		780E4F70284BCDB500DE408E /* ReportTableViewCell.swift */ = {isa = PBXFileReference; lastKnownFileType = sourcecode.swift; path = ReportTableViewCell.swift; sourceTree = "<group>"; };
		780E4F73284BD7EE00DE408E /* ReportTableCellVM.swift */ = {isa = PBXFileReference; lastKnownFileType = sourcecode.swift; path = ReportTableCellVM.swift; sourceTree = "<group>"; };
		780E4F75284C4EA200DE408E /* ReportTableVM.swift */ = {isa = PBXFileReference; lastKnownFileType = sourcecode.swift; path = ReportTableVM.swift; sourceTree = "<group>"; };
		78295C79284859CE00906764 /* USDA_AMS.app */ = {isa = PBXFileReference; explicitFileType = wrapper.application; includeInIndex = 0; path = USDA_AMS.app; sourceTree = BUILT_PRODUCTS_DIR; };
		78295C7C284859CE00906764 /* AppDelegate.swift */ = {isa = PBXFileReference; lastKnownFileType = sourcecode.swift; path = AppDelegate.swift; sourceTree = "<group>"; };
		78295C7E284859CE00906764 /* SceneDelegate.swift */ = {isa = PBXFileReference; lastKnownFileType = sourcecode.swift; path = SceneDelegate.swift; sourceTree = "<group>"; };
		78295C80284859CE00906764 /* MainViewController.swift */ = {isa = PBXFileReference; lastKnownFileType = sourcecode.swift; path = MainViewController.swift; sourceTree = "<group>"; };
		78295C83284859CE00906764 /* Base */ = {isa = PBXFileReference; lastKnownFileType = file.storyboard; name = Base; path = Base.lproj/Main.storyboard; sourceTree = "<group>"; };
		78295C85284859CF00906764 /* Assets.xcassets */ = {isa = PBXFileReference; lastKnownFileType = folder.assetcatalog; path = Assets.xcassets; sourceTree = "<group>"; };
		78295C88284859CF00906764 /* Base */ = {isa = PBXFileReference; lastKnownFileType = file.storyboard; name = Base; path = Base.lproj/LaunchScreen.storyboard; sourceTree = "<group>"; };
		78295C8A284859CF00906764 /* Info.plist */ = {isa = PBXFileReference; lastKnownFileType = text.plist.xml; path = Info.plist; sourceTree = "<group>"; };
		78295C9428485E4900906764 /* UsdaService.swift */ = {isa = PBXFileReference; lastKnownFileType = sourcecode.swift; path = UsdaService.swift; sourceTree = "<group>"; };
		78295C9828485FC000906764 /* ReportModel.swift */ = {isa = PBXFileReference; lastKnownFileType = sourcecode.swift; path = ReportModel.swift; sourceTree = "<group>"; };
		78295C9B2848684F00906764 /* Extensions.swift */ = {isa = PBXFileReference; lastKnownFileType = sourcecode.swift; path = Extensions.swift; sourceTree = "<group>"; };
		78295CA42849A4EF00906764 /* ReportTableView.swift */ = {isa = PBXFileReference; lastKnownFileType = sourcecode.swift; path = ReportTableView.swift; sourceTree = "<group>"; };
		783DECA3285A64A40062343E /* DateHelpers.swift */ = {isa = PBXFileReference; lastKnownFileType = sourcecode.swift; path = DateHelpers.swift; sourceTree = "<group>"; };
		783DECA5285ACB630062343E /* ReportView.swift */ = {isa = PBXFileReference; lastKnownFileType = sourcecode.swift; path = ReportView.swift; sourceTree = "<group>"; };
		783DECA7285AD9400062343E /* ReportViewVM.swift */ = {isa = PBXFileReference; lastKnownFileType = sourcecode.swift; path = ReportViewVM.swift; sourceTree = "<group>"; };
		783DECAB285D55770062343E /* ReportSectionSummary.swift */ = {isa = PBXFileReference; lastKnownFileType = sourcecode.swift; path = ReportSectionSummary.swift; sourceTree = "<group>"; };
		783DECAD285D58870062343E /* ModelMap.swift */ = {isa = PBXFileReference; lastKnownFileType = sourcecode.swift; path = ModelMap.swift; sourceTree = "<group>"; };
		783DECAF285D75510062343E /* ReportSectionSummaryTableView.swift */ = {isa = PBXFileReference; lastKnownFileType = sourcecode.swift; path = ReportSectionSummaryTableView.swift; sourceTree = "<group>"; };
		783DECB1285D76260062343E /* ReportSectionSummaryViewVM.swift */ = {isa = PBXFileReference; lastKnownFileType = sourcecode.swift; path = ReportSectionSummaryViewVM.swift; sourceTree = "<group>"; };
		783DECB3285E48920062343E /* SummarySectionResultCell.swift */ = {isa = PBXFileReference; lastKnownFileType = sourcecode.swift; path = SummarySectionResultCell.swift; sourceTree = "<group>"; };
		783DECB6285E51A10062343E /* SummarySectionResultCellVM.swift */ = {isa = PBXFileReference; lastKnownFileType = sourcecode.swift; path = SummarySectionResultCellVM.swift; sourceTree = "<group>"; };
		783DECB8285EB0D40062343E /* ReportSectionCurrentVolume.swift */ = {isa = PBXFileReference; lastKnownFileType = sourcecode.swift; path = ReportSectionCurrentVolume.swift; sourceTree = "<group>"; };
		783DECBB285EC00D0062343E /* CurrentVolumeSectionResultCellVM.swift */ = {isa = PBXFileReference; lastKnownFileType = sourcecode.swift; path = CurrentVolumeSectionResultCellVM.swift; sourceTree = "<group>"; };
		783DECBD285EC5C60062343E /* ReportSectionCurrentVolumeTableView.swift */ = {isa = PBXFileReference; lastKnownFileType = sourcecode.swift; path = ReportSectionCurrentVolumeTableView.swift; sourceTree = "<group>"; };
		783DECBF285EC6550062343E /* ReportSectionCurrentVolumeViewVM.swift */ = {isa = PBXFileReference; lastKnownFileType = sourcecode.swift; path = ReportSectionCurrentVolumeViewVM.swift; sourceTree = "<group>"; };
		783DECC1285EC85A0062343E /* CurrentVolumeSectionResultCell.swift */ = {isa = PBXFileReference; lastKnownFileType = sourcecode.swift; path = CurrentVolumeSectionResultCell.swift; sourceTree = "<group>"; };
/* End PBXFileReference section */

/* Begin PBXFrameworksBuildPhase section */
		78295C76284859CE00906764 /* Frameworks */ = {
			isa = PBXFrameworksBuildPhase;
			buildActionMask = 2147483647;
			files = (
				78295C9228485DAB00906764 /* Alamofire in Frameworks */,
			);
			runOnlyForDeploymentPostprocessing = 0;
		};
/* End PBXFrameworksBuildPhase section */

/* Begin PBXGroup section */
		780E4F6F284BCD9B00DE408E /* CellViews */ = {
			isa = PBXGroup;
			children = (
				780E4F70284BCDB500DE408E /* ReportTableViewCell.swift */,
				783DECB3285E48920062343E /* SummarySectionResultCell.swift */,
				783DECC1285EC85A0062343E /* CurrentVolumeSectionResultCell.swift */,
			);
			path = CellViews;
			sourceTree = "<group>";
		};
		780E4F72284BD7B500DE408E /* ViewModels */ = {
			isa = PBXGroup;
			children = (
				783DECB5285E51870062343E /* CellVM */,
				780E4F75284C4EA200DE408E /* ReportTableVM.swift */,
				783DECA7285AD9400062343E /* ReportViewVM.swift */,
				783DECB1285D76260062343E /* ReportSectionSummaryViewVM.swift */,
				783DECBF285EC6550062343E /* ReportSectionCurrentVolumeViewVM.swift */,
			);
			path = ViewModels;
			sourceTree = "<group>";
		};
		78295C70284859CE00906764 = {
			isa = PBXGroup;
			children = (
				78295C7B284859CE00906764 /* USDA_AMS */,
				78295C7A284859CE00906764 /* Products */,
			);
			sourceTree = "<group>";
		};
		78295C7A284859CE00906764 /* Products */ = {
			isa = PBXGroup;
			children = (
				78295C79284859CE00906764 /* USDA_AMS.app */,
			);
			name = Products;
			sourceTree = "<group>";
		};
		78295C7B284859CE00906764 /* USDA_AMS */ = {
			isa = PBXGroup;
			children = (
				780E4F72284BD7B500DE408E /* ViewModels */,
				78295CA32849A4DE00906764 /* Views */,
				78295C9A2848684400906764 /* Utils */,
				78295C9628485F8B00906764 /* Models */,
				78295C9328485E2800906764 /* APIs */,
				78295C7C284859CE00906764 /* AppDelegate.swift */,
				78295C7E284859CE00906764 /* SceneDelegate.swift */,
				78295C80284859CE00906764 /* MainViewController.swift */,
				78295C82284859CE00906764 /* Main.storyboard */,
				78295C85284859CF00906764 /* Assets.xcassets */,
				78295C87284859CF00906764 /* LaunchScreen.storyboard */,
				78295C8A284859CF00906764 /* Info.plist */,
			);
			path = USDA_AMS;
			sourceTree = "<group>";
		};
		78295C9328485E2800906764 /* APIs */ = {
			isa = PBXGroup;
			children = (
				78295C9428485E4900906764 /* UsdaService.swift */,
			);
			path = APIs;
			sourceTree = "<group>";
		};
		78295C9628485F8B00906764 /* Models */ = {
			isa = PBXGroup;
			children = (
				78295C9728485F9400906764 /* dto */,
				783DECAD285D58870062343E /* ModelMap.swift */,
			);
			path = Models;
			sourceTree = "<group>";
		};
		78295C9728485F9400906764 /* dto */ = {
			isa = PBXGroup;
			children = (
				78295C9828485FC000906764 /* ReportModel.swift */,
				783DECAB285D55770062343E /* ReportSectionSummary.swift */,
				783DECB8285EB0D40062343E /* ReportSectionCurrentVolume.swift */,
			);
			path = dto;
			sourceTree = "<group>";
		};
		78295C9A2848684400906764 /* Utils */ = {
			isa = PBXGroup;
			children = (
				78295C9B2848684F00906764 /* Extensions.swift */,
				783DECA3285A64A40062343E /* DateHelpers.swift */,
			);
			path = Utils;
			sourceTree = "<group>";
		};
		78295CA32849A4DE00906764 /* Views */ = {
			isa = PBXGroup;
			children = (
				783DECBA285EB9100062343E /* SummaryTableViews */,
				780E4F6F284BCD9B00DE408E /* CellViews */,
				78295CA42849A4EF00906764 /* ReportTableView.swift */,
				783DECA5285ACB630062343E /* ReportView.swift */,
			);
			path = Views;
			sourceTree = "<group>";
		};
		783DECB5285E51870062343E /* CellVM */ = {
			isa = PBXGroup;
			children = (
				780E4F73284BD7EE00DE408E /* ReportTableCellVM.swift */,
				783DECB6285E51A10062343E /* SummarySectionResultCellVM.swift */,
				783DECBB285EC00D0062343E /* CurrentVolumeSectionResultCellVM.swift */,
			);
			path = CellVM;
			sourceTree = "<group>";
		};
		783DECBA285EB9100062343E /* SummaryTableViews */ = {
			isa = PBXGroup;
			children = (
				783DECAF285D75510062343E /* ReportSectionSummaryTableView.swift */,
				783DECBD285EC5C60062343E /* ReportSectionCurrentVolumeTableView.swift */,
			);
			path = SummaryTableViews;
			sourceTree = "<group>";
		};
/* End PBXGroup section */

/* Begin PBXNativeTarget section */
		78295C78284859CE00906764 /* USDA_AMS */ = {
			isa = PBXNativeTarget;
			buildConfigurationList = 78295C8D284859CF00906764 /* Build configuration list for PBXNativeTarget "USDA_AMS" */;
			buildPhases = (
				78295C75284859CE00906764 /* Sources */,
				78295C76284859CE00906764 /* Frameworks */,
				78295C77284859CE00906764 /* Resources */,
			);
			buildRules = (
			);
			dependencies = (
			);
			name = USDA_AMS;
			packageProductDependencies = (
				78295C9128485DAB00906764 /* Alamofire */,
			);
			productName = USDA_AMS;
			productReference = 78295C79284859CE00906764 /* USDA_AMS.app */;
			productType = "com.apple.product-type.application";
		};
/* End PBXNativeTarget section */

/* Begin PBXProject section */
		78295C71284859CE00906764 /* Project object */ = {
			isa = PBXProject;
			attributes = {
				BuildIndependentTargetsInParallel = 1;
				LastSwiftUpdateCheck = 1340;
				LastUpgradeCheck = 1340;
				TargetAttributes = {
					78295C78284859CE00906764 = {
						CreatedOnToolsVersion = 13.4;
					};
				};
			};
			buildConfigurationList = 78295C74284859CE00906764 /* Build configuration list for PBXProject "USDA_AMS" */;
			compatibilityVersion = "Xcode 13.0";
			developmentRegion = en;
			hasScannedForEncodings = 0;
			knownRegions = (
				en,
				Base,
			);
			mainGroup = 78295C70284859CE00906764;
			packageReferences = (
				78295C9028485DAB00906764 /* XCRemoteSwiftPackageReference "Alamofire" */,
			);
			productRefGroup = 78295C7A284859CE00906764 /* Products */;
			projectDirPath = "";
			projectRoot = "";
			targets = (
				78295C78284859CE00906764 /* USDA_AMS */,
			);
		};
/* End PBXProject section */

/* Begin PBXResourcesBuildPhase section */
		78295C77284859CE00906764 /* Resources */ = {
			isa = PBXResourcesBuildPhase;
			buildActionMask = 2147483647;
			files = (
				78295C89284859CF00906764 /* LaunchScreen.storyboard in Resources */,
				78295C86284859CF00906764 /* Assets.xcassets in Resources */,
				78295C84284859CE00906764 /* Main.storyboard in Resources */,
			);
			runOnlyForDeploymentPostprocessing = 0;
		};
/* End PBXResourcesBuildPhase section */

/* Begin PBXSourcesBuildPhase section */
		78295C75284859CE00906764 /* Sources */ = {
			isa = PBXSourcesBuildPhase;
			buildActionMask = 2147483647;
			files = (
				783DECA4285A64A40062343E /* DateHelpers.swift in Sources */,
				78295C81284859CE00906764 /* MainViewController.swift in Sources */,
				783DECA6285ACB630062343E /* ReportView.swift in Sources */,
				783DECB9285EB0D40062343E /* ReportSectionCurrentVolume.swift in Sources */,
				780E4F76284C4EA200DE408E /* ReportTableVM.swift in Sources */,
				783DECC0285EC6550062343E /* ReportSectionCurrentVolumeViewVM.swift in Sources */,
				783DECA8285AD9400062343E /* ReportViewVM.swift in Sources */,
				783DECB0285D75510062343E /* ReportSectionSummaryTableView.swift in Sources */,
				78295C9C2848684F00906764 /* Extensions.swift in Sources */,
				78295C9528485E4900906764 /* UsdaService.swift in Sources */,
				783DECAE285D58870062343E /* ModelMap.swift in Sources */,
				783DECB2285D76260062343E /* ReportSectionSummaryViewVM.swift in Sources */,
				780E4F71284BCDB500DE408E /* ReportTableViewCell.swift in Sources */,
				78295C9928485FC000906764 /* ReportModel.swift in Sources */,
				783DECC2285EC85A0062343E /* CurrentVolumeSectionResultCell.swift in Sources */,
				78295C7D284859CE00906764 /* AppDelegate.swift in Sources */,
				78295CA52849A4EF00906764 /* ReportTableView.swift in Sources */,
				783DECB7285E51A10062343E /* SummarySectionResultCellVM.swift in Sources */,
				78295C7F284859CE00906764 /* SceneDelegate.swift in Sources */,
				780E4F74284BD7EE00DE408E /* ReportTableCellVM.swift in Sources */,
				783DECBC285EC00D0062343E /* CurrentVolumeSectionResultCellVM.swift in Sources */,
				783DECAC285D55770062343E /* ReportSectionSummary.swift in Sources */,
				783DECB4285E48920062343E /* SummarySectionResultCell.swift in Sources */,
				783DECBE285EC5C60062343E /* ReportSectionCurrentVolumeTableView.swift in Sources */,
			);
			runOnlyForDeploymentPostprocessing = 0;
		};
/* End PBXSourcesBuildPhase section */

/* Begin PBXVariantGroup section */
		78295C82284859CE00906764 /* Main.storyboard */ = {
			isa = PBXVariantGroup;
			children = (
				78295C83284859CE00906764 /* Base */,
			);
			name = Main.storyboard;
			sourceTree = "<group>";
		};
		78295C87284859CF00906764 /* LaunchScreen.storyboard */ = {
			isa = PBXVariantGroup;
			children = (
				78295C88284859CF00906764 /* Base */,
			);
			name = LaunchScreen.storyboard;
			sourceTree = "<group>";
		};
/* End PBXVariantGroup section */

/* Begin XCBuildConfiguration section */
		78295C8B284859CF00906764 /* Debug */ = {
			isa = XCBuildConfiguration;
			buildSettings = {
				ALWAYS_SEARCH_USER_PATHS = NO;
				CLANG_ANALYZER_NONNULL = YES;
				CLANG_ANALYZER_NUMBER_OBJECT_CONVERSION = YES_AGGRESSIVE;
				CLANG_CXX_LANGUAGE_STANDARD = "gnu++17";
				CLANG_ENABLE_MODULES = YES;
				CLANG_ENABLE_OBJC_ARC = YES;
				CLANG_ENABLE_OBJC_WEAK = YES;
				CLANG_WARN_BLOCK_CAPTURE_AUTORELEASING = YES;
				CLANG_WARN_BOOL_CONVERSION = YES;
				CLANG_WARN_COMMA = YES;
				CLANG_WARN_CONSTANT_CONVERSION = YES;
				CLANG_WARN_DEPRECATED_OBJC_IMPLEMENTATIONS = YES;
				CLANG_WARN_DIRECT_OBJC_ISA_USAGE = YES_ERROR;
				CLANG_WARN_DOCUMENTATION_COMMENTS = YES;
				CLANG_WARN_EMPTY_BODY = YES;
				CLANG_WARN_ENUM_CONVERSION = YES;
				CLANG_WARN_INFINITE_RECURSION = YES;
				CLANG_WARN_INT_CONVERSION = YES;
				CLANG_WARN_NON_LITERAL_NULL_CONVERSION = YES;
				CLANG_WARN_OBJC_IMPLICIT_RETAIN_SELF = YES;
				CLANG_WARN_OBJC_LITERAL_CONVERSION = YES;
				CLANG_WARN_OBJC_ROOT_CLASS = YES_ERROR;
				CLANG_WARN_QUOTED_INCLUDE_IN_FRAMEWORK_HEADER = YES;
				CLANG_WARN_RANGE_LOOP_ANALYSIS = YES;
				CLANG_WARN_STRICT_PROTOTYPES = YES;
				CLANG_WARN_SUSPICIOUS_MOVE = YES;
				CLANG_WARN_UNGUARDED_AVAILABILITY = YES_AGGRESSIVE;
				CLANG_WARN_UNREACHABLE_CODE = YES;
				CLANG_WARN__DUPLICATE_METHOD_MATCH = YES;
				COPY_PHASE_STRIP = NO;
				DEBUG_INFORMATION_FORMAT = dwarf;
				ENABLE_STRICT_OBJC_MSGSEND = YES;
				ENABLE_TESTABILITY = YES;
				GCC_C_LANGUAGE_STANDARD = gnu11;
				GCC_DYNAMIC_NO_PIC = NO;
				GCC_NO_COMMON_BLOCKS = YES;
				GCC_OPTIMIZATION_LEVEL = 0;
				GCC_PREPROCESSOR_DEFINITIONS = (
					"DEBUG=1",
					"$(inherited)",
				);
				GCC_WARN_64_TO_32_BIT_CONVERSION = YES;
				GCC_WARN_ABOUT_RETURN_TYPE = YES_ERROR;
				GCC_WARN_UNDECLARED_SELECTOR = YES;
				GCC_WARN_UNINITIALIZED_AUTOS = YES_AGGRESSIVE;
				GCC_WARN_UNUSED_FUNCTION = YES;
				GCC_WARN_UNUSED_VARIABLE = YES;
				IPHONEOS_DEPLOYMENT_TARGET = 15.5;
				MTL_ENABLE_DEBUG_INFO = INCLUDE_SOURCE;
				MTL_FAST_MATH = YES;
				ONLY_ACTIVE_ARCH = YES;
				SDKROOT = iphoneos;
				SWIFT_ACTIVE_COMPILATION_CONDITIONS = DEBUG;
				SWIFT_OPTIMIZATION_LEVEL = "-Onone";
			};
			name = Debug;
		};
		78295C8C284859CF00906764 /* Release */ = {
			isa = XCBuildConfiguration;
			buildSettings = {
				ALWAYS_SEARCH_USER_PATHS = NO;
				CLANG_ANALYZER_NONNULL = YES;
				CLANG_ANALYZER_NUMBER_OBJECT_CONVERSION = YES_AGGRESSIVE;
				CLANG_CXX_LANGUAGE_STANDARD = "gnu++17";
				CLANG_ENABLE_MODULES = YES;
				CLANG_ENABLE_OBJC_ARC = YES;
				CLANG_ENABLE_OBJC_WEAK = YES;
				CLANG_WARN_BLOCK_CAPTURE_AUTORELEASING = YES;
				CLANG_WARN_BOOL_CONVERSION = YES;
				CLANG_WARN_COMMA = YES;
				CLANG_WARN_CONSTANT_CONVERSION = YES;
				CLANG_WARN_DEPRECATED_OBJC_IMPLEMENTATIONS = YES;
				CLANG_WARN_DIRECT_OBJC_ISA_USAGE = YES_ERROR;
				CLANG_WARN_DOCUMENTATION_COMMENTS = YES;
				CLANG_WARN_EMPTY_BODY = YES;
				CLANG_WARN_ENUM_CONVERSION = YES;
				CLANG_WARN_INFINITE_RECURSION = YES;
				CLANG_WARN_INT_CONVERSION = YES;
				CLANG_WARN_NON_LITERAL_NULL_CONVERSION = YES;
				CLANG_WARN_OBJC_IMPLICIT_RETAIN_SELF = YES;
				CLANG_WARN_OBJC_LITERAL_CONVERSION = YES;
				CLANG_WARN_OBJC_ROOT_CLASS = YES_ERROR;
				CLANG_WARN_QUOTED_INCLUDE_IN_FRAMEWORK_HEADER = YES;
				CLANG_WARN_RANGE_LOOP_ANALYSIS = YES;
				CLANG_WARN_STRICT_PROTOTYPES = YES;
				CLANG_WARN_SUSPICIOUS_MOVE = YES;
				CLANG_WARN_UNGUARDED_AVAILABILITY = YES_AGGRESSIVE;
				CLANG_WARN_UNREACHABLE_CODE = YES;
				CLANG_WARN__DUPLICATE_METHOD_MATCH = YES;
				COPY_PHASE_STRIP = NO;
				DEBUG_INFORMATION_FORMAT = "dwarf-with-dsym";
				ENABLE_NS_ASSERTIONS = NO;
				ENABLE_STRICT_OBJC_MSGSEND = YES;
				GCC_C_LANGUAGE_STANDARD = gnu11;
				GCC_NO_COMMON_BLOCKS = YES;
				GCC_WARN_64_TO_32_BIT_CONVERSION = YES;
				GCC_WARN_ABOUT_RETURN_TYPE = YES_ERROR;
				GCC_WARN_UNDECLARED_SELECTOR = YES;
				GCC_WARN_UNINITIALIZED_AUTOS = YES_AGGRESSIVE;
				GCC_WARN_UNUSED_FUNCTION = YES;
				GCC_WARN_UNUSED_VARIABLE = YES;
				IPHONEOS_DEPLOYMENT_TARGET = 15.5;
				MTL_ENABLE_DEBUG_INFO = NO;
				MTL_FAST_MATH = YES;
				SDKROOT = iphoneos;
				SWIFT_COMPILATION_MODE = wholemodule;
				SWIFT_OPTIMIZATION_LEVEL = "-O";
				VALIDATE_PRODUCT = YES;
			};
			name = Release;
		};
		78295C8E284859CF00906764 /* Debug */ = {
			isa = XCBuildConfiguration;
			buildSettings = {
				ASSETCATALOG_COMPILER_APPICON_NAME = AppIcon;
				ASSETCATALOG_COMPILER_GLOBAL_ACCENT_COLOR_NAME = AccentColor;
				CODE_SIGN_STYLE = Automatic;
				CURRENT_PROJECT_VERSION = 1;
				GENERATE_INFOPLIST_FILE = YES;
				INFOPLIST_FILE = USDA_AMS/Info.plist;
				INFOPLIST_KEY_UIApplicationSupportsIndirectInputEvents = YES;
				INFOPLIST_KEY_UILaunchStoryboardName = LaunchScreen;
				INFOPLIST_KEY_UIMainStoryboardFile = Main;
				INFOPLIST_KEY_UISupportedInterfaceOrientations_iPad = "UIInterfaceOrientationPortrait UIInterfaceOrientationPortraitUpsideDown UIInterfaceOrientationLandscapeLeft UIInterfaceOrientationLandscapeRight";
				INFOPLIST_KEY_UISupportedInterfaceOrientations_iPhone = "UIInterfaceOrientationPortrait UIInterfaceOrientationLandscapeLeft UIInterfaceOrientationLandscapeRight";
				LD_RUNPATH_SEARCH_PATHS = (
					"$(inherited)",
					"@executable_path/Frameworks",
				);
				MARKETING_VERSION = 1.0;
				PRODUCT_BUNDLE_IDENTIFIER = "com.rjs.USDA-AMS";
				PRODUCT_NAME = "$(TARGET_NAME)";
				SWIFT_EMIT_LOC_STRINGS = YES;
				SWIFT_VERSION = 5.0;
				TARGETED_DEVICE_FAMILY = "1,2";
			};
			name = Debug;
		};
		78295C8F284859CF00906764 /* Release */ = {
			isa = XCBuildConfiguration;
			buildSettings = {
				ASSETCATALOG_COMPILER_APPICON_NAME = AppIcon;
				ASSETCATALOG_COMPILER_GLOBAL_ACCENT_COLOR_NAME = AccentColor;
				CODE_SIGN_STYLE = Automatic;
				CURRENT_PROJECT_VERSION = 1;
				GENERATE_INFOPLIST_FILE = YES;
				INFOPLIST_FILE = USDA_AMS/Info.plist;
				INFOPLIST_KEY_UIApplicationSupportsIndirectInputEvents = YES;
				INFOPLIST_KEY_UILaunchStoryboardName = LaunchScreen;
				INFOPLIST_KEY_UIMainStoryboardFile = Main;
				INFOPLIST_KEY_UISupportedInterfaceOrientations_iPad = "UIInterfaceOrientationPortrait UIInterfaceOrientationPortraitUpsideDown UIInterfaceOrientationLandscapeLeft UIInterfaceOrientationLandscapeRight";
				INFOPLIST_KEY_UISupportedInterfaceOrientations_iPhone = "UIInterfaceOrientationPortrait UIInterfaceOrientationLandscapeLeft UIInterfaceOrientationLandscapeRight";
				LD_RUNPATH_SEARCH_PATHS = (
					"$(inherited)",
					"@executable_path/Frameworks",
				);
				MARKETING_VERSION = 1.0;
				PRODUCT_BUNDLE_IDENTIFIER = "com.rjs.USDA-AMS";
				PRODUCT_NAME = "$(TARGET_NAME)";
				SWIFT_EMIT_LOC_STRINGS = YES;
				SWIFT_VERSION = 5.0;
				TARGETED_DEVICE_FAMILY = "1,2";
			};
			name = Release;
		};
/* End XCBuildConfiguration section */

/* Begin XCConfigurationList section */
		78295C74284859CE00906764 /* Build configuration list for PBXProject "USDA_AMS" */ = {
			isa = XCConfigurationList;
			buildConfigurations = (
				78295C8B284859CF00906764 /* Debug */,
				78295C8C284859CF00906764 /* Release */,
			);
			defaultConfigurationIsVisible = 0;
			defaultConfigurationName = Release;
		};
		78295C8D284859CF00906764 /* Build configuration list for PBXNativeTarget "USDA_AMS" */ = {
			isa = XCConfigurationList;
			buildConfigurations = (
				78295C8E284859CF00906764 /* Debug */,
				78295C8F284859CF00906764 /* Release */,
			);
			defaultConfigurationIsVisible = 0;
			defaultConfigurationName = Release;
		};
/* End XCConfigurationList section */

/* Begin XCRemoteSwiftPackageReference section */
		78295C9028485DAB00906764 /* XCRemoteSwiftPackageReference "Alamofire" */ = {
			isa = XCRemoteSwiftPackageReference;
			repositoryURL = "https://github.com/Alamofire/Alamofire.git";
			requirement = {
				kind = upToNextMajorVersion;
				minimumVersion = 5.0.0;
			};
		};
/* End XCRemoteSwiftPackageReference section */

/* Begin XCSwiftPackageProductDependency section */
		78295C9128485DAB00906764 /* Alamofire */ = {
			isa = XCSwiftPackageProductDependency;
			package = 78295C9028485DAB00906764 /* XCRemoteSwiftPackageReference "Alamofire" */;
			productName = Alamofire;
		};
/* End XCSwiftPackageProductDependency section */
	};
	rootObject = 78295C71284859CE00906764 /* Project object */;
}
